
Microsoft Visual Studio Solution File, Format Version 12.00
# Visual Studio 15
VisualStudioVersion = 15.0.28307.421
MinimumVisualStudioVersion = 10.0.40219.1
Project("{FAE04EC0-301F-11D3-BF4B-00C04F79EFBC}") = "Lodowka", "Lodowka\Lodowka.csproj", "{851283CF-660E-4F37-AAC7-4A29CED7E260}"
EndProject
Global
	GlobalSection(SolutionConfigurationPlatforms) = preSolution
		Debug|Any CPU = Debug|Any CPU
		Release|Any CPU = Release|Any CPU
	EndGlobalSection
	GlobalSection(ProjectConfigurationPlatforms) = postSolution
		{851283CF-660E-4F37-AAC7-4A29CED7E260}.Debug|Any CPU.ActiveCfg = Debug|Any CPU
		{851283CF-660E-4F37-AAC7-4A29CED7E260}.Debug|Any CPU.Build.0 = Debug|Any CPU
		{851283CF-660E-4F37-AAC7-4A29CED7E260}.Release|Any CPU.ActiveCfg = Release|Any CPU
		{851283CF-660E-4F37-AAC7-4A29CED7E260}.Release|Any CPU.Build.0 = Release|Any CPU
	EndGlobalSection
	GlobalSection(SolutionProperties) = preSolution
		HideSolutionNode = FALSE
	EndGlobalSection
	GlobalSection(ExtensibilityGlobals) = postSolution
		SolutionGuid = {C31A8C2D-2614-4A8D-A325-437D6CB770E2}
	EndGlobalSection
EndGlobal
